
Microsoft Visual Studio Solution File, Format Version 12.00
# Visual Studio 15
VisualStudioVersion = 15.0.26228.9
MinimumVisualStudioVersion = 10.0.40219.1
Project("{FAE04EC0-301F-11D3-BF4B-00C04F79EFBC}") = "LegMedRejseplanen", "LegMedRejseplanen\LegMedRejseplanen.csproj", "{645E4DA7-9244-45C0-8B74-C8FEC91757A9}"
EndProject
Project("{FAE04EC0-301F-11D3-BF4B-00C04F79EFBC}") = "LegMedRejseplanen.Tests", "LegMedRejseplanen.Tests\LegMedRejseplanen.Tests.csproj", "{5F65CC4D-7688-4E6F-8E15-9430566F07E2}"
EndProject
Global
	GlobalSection(SolutionConfigurationPlatforms) = preSolution
		Debug|Any CPU = Debug|Any CPU
		Release|Any CPU = Release|Any CPU
	EndGlobalSection
	GlobalSection(ProjectConfigurationPlatforms) = postSolution
		{645E4DA7-9244-45C0-8B74-C8FEC91757A9}.Debug|Any CPU.ActiveCfg = Debug|Any CPU
		{645E4DA7-9244-45C0-8B74-C8FEC91757A9}.Debug|Any CPU.Build.0 = Debug|Any CPU
		{645E4DA7-9244-45C0-8B74-C8FEC91757A9}.Release|Any CPU.ActiveCfg = Release|Any CPU
		{645E4DA7-9244-45C0-8B74-C8FEC91757A9}.Release|Any CPU.Build.0 = Release|Any CPU
		{5F65CC4D-7688-4E6F-8E15-9430566F07E2}.Debug|Any CPU.ActiveCfg = Debug|Any CPU
		{5F65CC4D-7688-4E6F-8E15-9430566F07E2}.Debug|Any CPU.Build.0 = Debug|Any CPU
		{5F65CC4D-7688-4E6F-8E15-9430566F07E2}.Release|Any CPU.ActiveCfg = Release|Any CPU
		{5F65CC4D-7688-4E6F-8E15-9430566F07E2}.Release|Any CPU.Build.0 = Release|Any CPU
	EndGlobalSection
	GlobalSection(SolutionProperties) = preSolution
		HideSolutionNode = FALSE
	EndGlobalSection
EndGlobal
